{
  "nodes": {
    "flake-compat": {
      "flake": false,
      "locked": {
        "lastModified": 1747046372,
        "narHash": "sha256-CIVLLkVgvHYbgI2UpXvIIBJ12HWgX+fjA8Xf8PUmqCY=",
        "owner": "edolstra",
        "repo": "flake-compat",
        "rev": "9100a0f413b0c601e0533d1d94ffd501ce2e7885",
        "type": "github"
      },
      "original": {
        "owner": "edolstra",
        "repo": "flake-compat",
        "type": "github"
      }
    },
    "nix-minecraft": {
      "inputs": {
        "flake-compat": "flake-compat",
        "nixpkgs": [
          "nixpkgs"
        ],
        "systems": "systems"
      },
      "locked": {
        "lastModified": 1783827446,
        "narHash": "sha256-F4ezAeh0W20dHTrXekOvJ/S2gRXGVZrFwKjAp3vwQu8=",
        "owner": "Infinidoge",
        "repo": "nix-minecraft",
        "rev": "68f0b46d34625e4a745dc400e9ea30aaeec910c3",
        "type": "github"
      },
      "original": {
        "owner": "Infinidoge",
        "repo": "nix-minecraft",
        "type": "github"
      }
    },
    "nixos-kexec": {
      "inputs": {
        "nixpkgs": [
          "nixpkgs"
        ]
      },
      "locked": {
        "lastModified": 1713028336,
        "narHash": "sha256-TV4DNEnNruInAmmHYHQScPX+q3ZSKRdPFvr7xjl6WSA=",
        "ref": "refs/heads/main",
        "rev": "c09254bcb4419211ce377963aa31fa659acd0fcb",
        "revCount": 6,
        "type": "git",
        "url": "https://gitea.workstation.zandoodle.me.uk/zandoodle/nixos-kexec"
      },
      "original": {
        "type": "git",
        "url": "https://gitea.workstation.zandoodle.me.uk/zandoodle/nixos-kexec"
      }
    },
    "nixpkgs": {
      "locked": {
        "lastModified": 1783901513,
        "narHash": "sha256-VwlRz4FaK7lFti0pTUlTY5mn0HbVDCKaaIGlo3UNoJA=",
        "owner": "NixOS",
        "repo": "nixpkgs",
        "rev": "74258951b6f86d69cc7c08b1860ec5e391384f59",
        "type": "github"
      },
      "original": {
        "owner": "NixOS",
        "ref": "nixos-26.05-small",
        "repo": "nixpkgs",
        "type": "github"
      }
    },
    "nixpkgs-unstable": {
      "locked": {
        "lastModified": 1783776592,
        "narHash": "sha256-UgCQzxeWI75XM8G+hPrPh+MKzEPjG3SpAj7dtqSbksA=",
        "owner": "NixOS",
        "repo": "nixpkgs",
        "rev": "e7a3ca8092b61ff85b6a45bf863ea2b2d6a661b3",
        "type": "github"
      },
      "original": {
        "owner": "NixOS",
        "ref": "nixos-unstable",
        "repo": "nixpkgs",
        "type": "github"
      }
    },
    "plover": {
      "flake": false,
      "locked": {
        "lastModified": 1783663485,
        "narHash": "sha256-qaEuzPVqh+e3qq778VdUaRufGzOx9HyUnygIbA0+6kw=",
        "owner": "openstenoproject",
        "repo": "plover",
        "rev": "8b0b2b03c6a7f3ca5f3ff9def7850fdf7e7d495e",
        "type": "github"
      },
      "original": {
        "owner": "openstenoproject",
        "repo": "plover",
        "type": "github"
      }
    },
    "plover-flake": {
      "inputs": {
        "nixpkgs": [
          "nixpkgs"
        ],
        "plover": "plover",
        "plover-stroke": "plover-stroke",
        "plover2cat": "plover2cat",
        "plover_plugins_registry": "plover_plugins_registry",
        "rtf-tokenize": "rtf-tokenize",
        "treefmt-nix": "treefmt-nix"
      },
      "locked": {
        "lastModified": 1783870261,
        "narHash": "sha256-n0OFvt9k/C0ubvdbvw6vKG6S0zU124Mhe4lt9oTmRSs=",
        "owner": "opensteno",
        "repo": "plover-flake",
        "rev": "1a368469ce99aad31c4f2e059ab5c9c43f8680e9",
        "type": "github"
      },
      "original": {
        "owner": "opensteno",
        "repo": "plover-flake",
        "type": "github"
      }
    },
    "plover-stroke": {
      "flake": false,
      "locked": {
        "lastModified": 1652559629,
        "narHash": "sha256-A75OMzmEn0VmDAvmQCp6/7uptxzwWJTwsih3kWlYioA=",
        "owner": "openstenoproject",
        "repo": "plover_stroke",
        "rev": "e717a1983b58dcba644153a542dbf8514425a39b",
        "type": "github"
      },
      "original": {
        "owner": "openstenoproject",
        "repo": "plover_stroke",
        "type": "github"
      }
    },
    "plover2cat": {
      "flake": false,
      "locked": {
        "lastModified": 1777279531,
        "narHash": "sha256-+yHSp/HCJnqJqpGaiP6d68pZa4MR2woA3AnJtrEb/OM=",
        "owner": "greenwyrt",
        "repo": "plover2CAT",
        "rev": "36a590f22fa1612b96b7379a76fae8a0c581c793",
        "type": "github"
      },
      "original": {
        "owner": "greenwyrt",
        "repo": "plover2CAT",
        "type": "github"
      }
    },
    "plover_plugins_registry": {
      "flake": false,
      "locked": {
        "lastModified": 1781383066,
        "narHash": "sha256-Ua3rkxKl2meIpMffoVfphWEX1W8pfO0HKg7PPwlaxX0=",
        "owner": "openstenoproject",
        "repo": "plover_plugins_registry",
        "rev": "cb0b36248c329642ae790f2f4a93f5e05c8b7c86",
        "type": "github"
      },
      "original": {
        "owner": "openstenoproject",
        "repo": "plover_plugins_registry",
        "type": "github"
      }
    },
    "root": {
      "inputs": {
        "nix-minecraft": "nix-minecraft",
        "nixos-kexec": "nixos-kexec",
        "nixpkgs": "nixpkgs",
        "nixpkgs-unstable": "nixpkgs-unstable",
        "plover-flake": "plover-flake",
        "vscode-extensions": "vscode-extensions"
      }
    },
    "rtf-tokenize": {
      "flake": false,
      "locked": {
        "lastModified": 1751102035,
        "narHash": "sha256-bM/DFl1mpHgeBItdyA5Tt+Eo9u82Gz+6qwft2h0bM94=",
        "owner": "openstenoproject",
        "repo": "rtf_tokenize",
        "rev": "5c4ad772f4b45ceb35b60584e22a171e90526916",
        "type": "github"
      },
      "original": {
        "owner": "openstenoproject",
        "repo": "rtf_tokenize",
        "type": "github"
      }
    },
    "systems": {
      "locked": {
        "lastModified": 1681028828,
        "narHash": "sha256-Vy1rq5AaRuLzOxct8nz4T6wlgyUR7zLU309k9mBC768=",
        "owner": "nix-systems",
        "repo": "default",
        "rev": "da67096a3b9bf56a91d16901293e51ba5b49a27e",
        "type": "github"
      },
      "original": {
        "owner": "nix-systems",
        "repo": "default",
        "type": "github"
      }
    },
    "treefmt-nix": {
      "inputs": {
        "nixpkgs": [
          "nixpkgs"
        ]
      },
      "locked": {
        "lastModified": 1780220602,
        "narHash": "sha256-eynAfOmbmxJnkp7YewvCEbShNnnYJ9gLLqkzsYtBPeM=",
        "owner": "numtide",
        "repo": "treefmt-nix",
        "rev": "db947814a175b7ca6ded66e21383d938df01c227",
        "type": "github"
      },
      "original": {
        "owner": "numtide",
        "repo": "treefmt-nix",
        "type": "github"
      }
    },
    "vscode-extensions": {
      "inputs": {
        "nixpkgs": [
          "nixpkgs-unstable"
        ]
      },
      "locked": {
        "lastModified": 1783826883,
        "narHash": "sha256-I2CTStJ2N/FCFKhTOnX3VmVPdKc+I1+SpXYY5dcN9CI=",
        "owner": "nix-community",
        "repo": "nix-vscode-extensions",
        "rev": "2b6ad58e598c40e718a3faf4196411a37db80f97",
        "type": "github"
      },
      "original": {
        "owner": "nix-community",
        "repo": "nix-vscode-extensions",
        "type": "github"
      }
    }
  },
  "root": "root",
  "version": 7
}
