{
  "nodes": {
    "flake-compat": {
      "flake": false,
      "locked": {
        "lastModified": 1747046372,
        "narHash": "sha256-CIVLLkVgvHYbgI2UpXvIIBJ12HWgX+fjA8Xf8PUmqCY=",
        "owner": "edolstra",
        "repo": "flake-compat",
        "rev": "9100a0f413b0c601e0533d1d94ffd501ce2e7885",
        "type": "github"
      },
      "original": {
        "owner": "edolstra",
        "repo": "flake-compat",
        "type": "github"
      }
    },
    "flake-utils": {
      "inputs": {
        "systems": "systems"
      },
      "locked": {
        "lastModified": 1731533236,
        "narHash": "sha256-l0KFg5HjrsfsO/JpG+r7fRrqm12kzFHyUHqHCVpMMbI=",
        "owner": "numtide",
        "repo": "flake-utils",
        "rev": "11707dc2f618dd54ca8739b309ec4fc024de578b",
        "type": "github"
      },
      "original": {
        "owner": "numtide",
        "repo": "flake-utils",
        "type": "github"
      }
    },
    "latest-system": {
      "inputs": {
        "nixpkgs": [
          "nixpkgs"
        ]
      },
      "locked": {
        "lastModified": 1713023636,
        "narHash": "sha256-jeQcXhte8C0NdiEiyr9P/vwY22LKu53UfyGiG3DyHzI=",
        "ref": "refs/heads/main",
        "rev": "cd93d4cf19ffd97b10cdf4bd5f43629871de5c1a",
        "revCount": 7,
        "type": "git",
        "url": "http://max-nixos-workstation-zerotier:3000/zandoodle/latest-system"
      },
      "original": {
        "type": "git",
        "url": "http://max-nixos-workstation-zerotier:3000/zandoodle/latest-system"
      }
    },
    "nix-minecraft": {
      "inputs": {
        "flake-compat": "flake-compat",
        "flake-utils": "flake-utils",
        "nixpkgs": [
          "nixpkgs"
        ]
      },
      "locked": {
        "lastModified": 1763690461,
        "narHash": "sha256-q3tHxrMu5BjSG8pE53dOevl4JmyhR73sICy/kJ0fYNk=",
        "owner": "Infinidoge",
        "repo": "nix-minecraft",
        "rev": "106ec777ce9fb7e98c9d68d717c91d5d59ce497b",
        "type": "github"
      },
      "original": {
        "owner": "Infinidoge",
        "repo": "nix-minecraft",
        "type": "github"
      }
    },
    "nixos-kexec": {
      "inputs": {
        "nixpkgs": [
          "nixpkgs"
        ]
      },
      "locked": {
        "lastModified": 1713028336,
        "narHash": "sha256-TV4DNEnNruInAmmHYHQScPX+q3ZSKRdPFvr7xjl6WSA=",
        "ref": "refs/heads/main",
        "rev": "c09254bcb4419211ce377963aa31fa659acd0fcb",
        "revCount": 6,
        "type": "git",
        "url": "http://max-nixos-workstation-zerotier:3000/zandoodle/nixos-kexec"
      },
      "original": {
        "type": "git",
        "url": "http://max-nixos-workstation-zerotier:3000/zandoodle/nixos-kexec"
      }
    },
    "nixpkgs": {
      "locked": {
        "lastModified": 1763622513,
        "narHash": "sha256-1jQnuyu82FpiSxowrF/iFK6Toh9BYprfDqfs4BB+19M=",
        "owner": "NixOS",
        "repo": "nixpkgs",
        "rev": "c58bc7f5459328e4afac201c5c4feb7c818d604b",
        "type": "github"
      },
      "original": {
        "owner": "NixOS",
        "ref": "nixos-25.05",
        "repo": "nixpkgs",
        "type": "github"
      }
    },
    "nixpkgs-unstable": {
      "locked": {
        "lastModified": 1763421233,
        "narHash": "sha256-Stk9ZYRkGrnnpyJ4eqt9eQtdFWRRIvMxpNRf4sIegnw=",
        "owner": "NixOS",
        "repo": "nixpkgs",
        "rev": "89c2b2330e733d6cdb5eae7b899326930c2c0648",
        "type": "github"
      },
      "original": {
        "owner": "NixOS",
        "ref": "nixos-unstable",
        "repo": "nixpkgs",
        "type": "github"
      }
    },
    "root": {
      "inputs": {
        "latest-system": "latest-system",
        "nix-minecraft": "nix-minecraft",
        "nixos-kexec": "nixos-kexec",
        "nixpkgs": "nixpkgs",
        "nixpkgs-unstable": "nixpkgs-unstable",
        "vscode-extensions": "vscode-extensions"
      }
    },
    "systems": {
      "locked": {
        "lastModified": 1681028828,
        "narHash": "sha256-Vy1rq5AaRuLzOxct8nz4T6wlgyUR7zLU309k9mBC768=",
        "owner": "nix-systems",
        "repo": "default",
        "rev": "da67096a3b9bf56a91d16901293e51ba5b49a27e",
        "type": "github"
      },
      "original": {
        "owner": "nix-systems",
        "repo": "default",
        "type": "github"
      }
    },
    "vscode-extensions": {
      "inputs": {
        "nixpkgs": [
          "nixpkgs-unstable"
        ]
      },
      "locked": {
        "lastModified": 1763690163,
        "narHash": "sha256-MMl9P8f17unCvlk2IAinnMq/P72f51UUHVRIYnojT7w=",
        "owner": "nix-community",
        "repo": "nix-vscode-extensions",
        "rev": "590349d9faeb398a037205c2927ffbaede980539",
        "type": "github"
      },
      "original": {
        "owner": "nix-community",
        "repo": "nix-vscode-extensions",
        "type": "github"
      }
    }
  },
  "root": "root",
  "version": 7
}
