{
  "nodes": {
    "flake-compat": {
      "flake": false,
      "locked": {
        "lastModified": 1747046372,
        "narHash": "sha256-CIVLLkVgvHYbgI2UpXvIIBJ12HWgX+fjA8Xf8PUmqCY=",
        "owner": "edolstra",
        "repo": "flake-compat",
        "rev": "9100a0f413b0c601e0533d1d94ffd501ce2e7885",
        "type": "github"
      },
      "original": {
        "owner": "edolstra",
        "repo": "flake-compat",
        "type": "github"
      }
    },
    "nix-minecraft": {
      "inputs": {
        "flake-compat": "flake-compat",
        "nixpkgs": [
          "nixpkgs"
        ],
        "systems": "systems"
      },
      "locked": {
        "lastModified": 1785555369,
        "narHash": "sha256-KUHFKv51VoV1wpyIreeusIkFsgycjeuRA9vDsBmCUu0=",
        "owner": "Infinidoge",
        "repo": "nix-minecraft",
        "rev": "76a82a08c36423e5ff627c62f55797de52c3061b",
        "type": "github"
      },
      "original": {
        "owner": "Infinidoge",
        "repo": "nix-minecraft",
        "type": "github"
      }
    },
    "nixos-kexec": {
      "inputs": {
        "nixpkgs": [
          "nixpkgs"
        ]
      },
      "locked": {
        "lastModified": 1713028336,
        "narHash": "sha256-TV4DNEnNruInAmmHYHQScPX+q3ZSKRdPFvr7xjl6WSA=",
        "ref": "refs/heads/main",
        "rev": "c09254bcb4419211ce377963aa31fa659acd0fcb",
        "revCount": 6,
        "type": "git",
        "url": "https://gitea.workstation.zandoodle.me.uk/zandoodle/nixos-kexec"
      },
      "original": {
        "type": "git",
        "url": "https://gitea.workstation.zandoodle.me.uk/zandoodle/nixos-kexec"
      }
    },
    "nixpkgs": {
      "locked": {
        "lastModified": 1785615218,
        "narHash": "sha256-11aPYZ9k3gp4La5JnsAh+KOZIkyIfgXeyzxy5WRgn5s=",
        "owner": "NixOS",
        "repo": "nixpkgs",
        "rev": "013224f8f27228dc691a5732b3e6a4cb5e1bb927",
        "type": "github"
      },
      "original": {
        "owner": "NixOS",
        "ref": "nixos-26.05-small",
        "repo": "nixpkgs",
        "type": "github"
      }
    },
    "nixpkgs-unstable": {
      "locked": {
        "lastModified": 1785571196,
        "narHash": "sha256-KoTsyMQqnXQZq8deCEnu4QkyldkwH/bpMMhUcfMdGIw=",
        "owner": "NixOS",
        "repo": "nixpkgs",
        "rev": "148bab9c1c3c53136ecb44a6ea356a0ed5b39b06",
        "type": "github"
      },
      "original": {
        "owner": "NixOS",
        "ref": "nixos-unstable",
        "repo": "nixpkgs",
        "type": "github"
      }
    },
    "plover": {
      "flake": false,
      "locked": {
        "lastModified": 1785058731,
        "narHash": "sha256-vnsSenn439qQ1f0FtVexet2zZhXADnstuthqSikQMik=",
        "owner": "openstenoproject",
        "repo": "plover",
        "rev": "9b67b200589236c9e1460d5a4379441466f65724",
        "type": "github"
      },
      "original": {
        "owner": "openstenoproject",
        "repo": "plover",
        "type": "github"
      }
    },
    "plover-flake": {
      "inputs": {
        "nixpkgs": [
          "nixpkgs"
        ],
        "plover": "plover",
        "plover-stroke": "plover-stroke",
        "plover2cat": "plover2cat",
        "plover_plugins_registry": "plover_plugins_registry",
        "rtf-tokenize": "rtf-tokenize",
        "treefmt-nix": "treefmt-nix"
      },
      "locked": {
        "lastModified": 1785564788,
        "narHash": "sha256-u6/qXGxovk+buLAb1Ab0CGfqU89xlf32v9Jr8IXpl8U=",
        "owner": "opensteno",
        "repo": "plover-flake",
        "rev": "ca478cdb3f3e62d7915fde08d29f36fc3662b2b8",
        "type": "github"
      },
      "original": {
        "owner": "opensteno",
        "repo": "plover-flake",
        "type": "github"
      }
    },
    "plover-stroke": {
      "flake": false,
      "locked": {
        "lastModified": 1652559629,
        "narHash": "sha256-A75OMzmEn0VmDAvmQCp6/7uptxzwWJTwsih3kWlYioA=",
        "owner": "openstenoproject",
        "repo": "plover_stroke",
        "rev": "e717a1983b58dcba644153a542dbf8514425a39b",
        "type": "github"
      },
      "original": {
        "owner": "openstenoproject",
        "repo": "plover_stroke",
        "type": "github"
      }
    },
    "plover2cat": {
      "flake": false,
      "locked": {
        "lastModified": 1784932789,
        "narHash": "sha256-eJLeEhHKuCpAraKC55QqPbIsi34XDQI460bu/uGLMsQ=",
        "owner": "greenwyrt",
        "repo": "plover2CAT",
        "rev": "1925c9e412896c4dd6e5581540a26da5b5a37600",
        "type": "github"
      },
      "original": {
        "owner": "greenwyrt",
        "repo": "plover2CAT",
        "type": "github"
      }
    },
    "plover_plugins_registry": {
      "flake": false,
      "locked": {
        "lastModified": 1781383066,
        "narHash": "sha256-Ua3rkxKl2meIpMffoVfphWEX1W8pfO0HKg7PPwlaxX0=",
        "owner": "openstenoproject",
        "repo": "plover_plugins_registry",
        "rev": "cb0b36248c329642ae790f2f4a93f5e05c8b7c86",
        "type": "github"
      },
      "original": {
        "owner": "openstenoproject",
        "repo": "plover_plugins_registry",
        "type": "github"
      }
    },
    "root": {
      "inputs": {
        "nix-minecraft": "nix-minecraft",
        "nixos-kexec": "nixos-kexec",
        "nixpkgs": "nixpkgs",
        "nixpkgs-unstable": "nixpkgs-unstable",
        "plover-flake": "plover-flake",
        "vscode-extensions": "vscode-extensions"
      }
    },
    "rtf-tokenize": {
      "flake": false,
      "locked": {
        "lastModified": 1751102035,
        "narHash": "sha256-bM/DFl1mpHgeBItdyA5Tt+Eo9u82Gz+6qwft2h0bM94=",
        "owner": "openstenoproject",
        "repo": "rtf_tokenize",
        "rev": "5c4ad772f4b45ceb35b60584e22a171e90526916",
        "type": "github"
      },
      "original": {
        "owner": "openstenoproject",
        "repo": "rtf_tokenize",
        "type": "github"
      }
    },
    "systems": {
      "locked": {
        "lastModified": 1681028828,
        "narHash": "sha256-Vy1rq5AaRuLzOxct8nz4T6wlgyUR7zLU309k9mBC768=",
        "owner": "nix-systems",
        "repo": "default",
        "rev": "da67096a3b9bf56a91d16901293e51ba5b49a27e",
        "type": "github"
      },
      "original": {
        "owner": "nix-systems",
        "repo": "default",
        "type": "github"
      }
    },
    "treefmt-nix": {
      "inputs": {
        "nixpkgs": [
          "nixpkgs"
        ]
      },
      "locked": {
        "lastModified": 1785360170,
        "narHash": "sha256-XE1lKgQ3eIO3E7zWryqcRsax+mYXod/5RHBn4YaR9YE=",
        "owner": "numtide",
        "repo": "treefmt-nix",
        "rev": "d1187f8bc71fb8aab02395869ec3f5c1920f75c0",
        "type": "github"
      },
      "original": {
        "owner": "numtide",
        "repo": "treefmt-nix",
        "type": "github"
      }
    },
    "vscode-extensions": {
      "inputs": {
        "nixpkgs": [
          "nixpkgs-unstable"
        ]
      },
      "locked": {
        "lastModified": 1785555171,
        "narHash": "sha256-MLBtKBAbLXB81qm5UZq7w0IFnP/fh6QWhfU55dA8uFo=",
        "owner": "nix-community",
        "repo": "nix-vscode-extensions",
        "rev": "730fe1d38d63878df9cf6b46b36308d197a9334e",
        "type": "github"
      },
      "original": {
        "owner": "nix-community",
        "repo": "nix-vscode-extensions",
        "type": "github"
      }
    }
  },
  "root": "root",
  "version": 7
}
